
Microsoft Visual Studio Solution File, Format Version 12.00
# Visual Studio Version 17
VisualStudioVersion = 17.5.33424.131
MinimumVisualStudioVersion = 10.0.40219.1
Project("{FAE04EC0-301F-11D3-BF4B-00C04F79EFBC}") = "My first Azure function (Http Trigger)", "My first Azure function (Http Trigger)\My first Azure function (Http Trigger).csproj", "{10004B48-9CA9-4A93-B51D-AA51094E3102}"
EndProject
Global
	GlobalSection(SolutionConfigurationPlatforms) = preSolution
		Debug|Any CPU = Debug|Any CPU
		Release|Any CPU = Release|Any CPU
	EndGlobalSection
	GlobalSection(ProjectConfigurationPlatforms) = postSolution
		{10004B48-9CA9-4A93-B51D-AA51094E3102}.Debug|Any CPU.ActiveCfg = Debug|Any CPU
		{10004B48-9CA9-4A93-B51D-AA51094E3102}.Debug|Any CPU.Build.0 = Debug|Any CPU
		{10004B48-9CA9-4A93-B51D-AA51094E3102}.Release|Any CPU.ActiveCfg = Release|Any CPU
		{10004B48-9CA9-4A93-B51D-AA51094E3102}.Release|Any CPU.Build.0 = Release|Any CPU
	EndGlobalSection
	GlobalSection(SolutionProperties) = preSolution
		HideSolutionNode = FALSE
	EndGlobalSection
	GlobalSection(ExtensibilityGlobals) = postSolution
		SolutionGuid = {9B79154E-5859-469B-BBD5-2AEC76024272}
	EndGlobalSection
EndGlobal
